// !$*UTF8*$!
{
	archiveVersion = 1;
	classes = {
	};
	objectVersion = 51;
	objects = {

/* Begin PBXBuildFile section */
		8AE944D5022B7D4B54941EB4 /* Pods_iOS_Exercise.framework in Frameworks */ = {isa = PBXBuildFile; fileRef = D4ECB2E933D4E03F40E2341A /* Pods_iOS_Exercise.framework */; };
		9F1075AA27A2715600E116B7 /* TestContentViewController.swift in Sources */ = {isa = PBXBuildFile; fileRef = 9F1075A927A2715600E116B7 /* TestContentViewController.swift */; };
		9F3353FE27A3926900E57D7E /* Main.storyboard in Resources */ = {isa = PBXBuildFile; fileRef = 9F3353FD27A3926900E57D7E /* Main.storyboard */; };
		9F3FDF5327A37B7F00426BAB /* DataLoaderMock.swift in Sources */ = {isa = PBXBuildFile; fileRef = 9F3FDF5227A37B7F00426BAB /* DataLoaderMock.swift */; };
		9F3FDF5527A383AB00426BAB /* StubMaker.swift in Sources */ = {isa = PBXBuildFile; fileRef = 9F3FDF5427A383AB00426BAB /* StubMaker.swift */; };
		9F8EB826279996BF00085C81 /* DataLoader.swift in Sources */ = {isa = PBXBuildFile; fileRef = 9F8EB825279996BF00085C81 /* DataLoader.swift */; };
		9F8EB82A27999D3800085C81 /* DataMapper.swift in Sources */ = {isa = PBXBuildFile; fileRef = 9F8EB82927999D3800085C81 /* DataMapper.swift */; };
		9FCE1A8E279E3750000A751D /* TestContentDataMapper.swift in Sources */ = {isa = PBXBuildFile; fileRef = 9FCE1A8D279E3750000A751D /* TestContentDataMapper.swift */; };
		9FCE1A90279E7EF2000A751D /* TestContentViewModel.swift in Sources */ = {isa = PBXBuildFile; fileRef = 9FCE1A8F279E7EF2000A751D /* TestContentViewModel.swift */; };
		9FCE1A92279E8D2D000A751D /* DataLoaderProtocol.swift in Sources */ = {isa = PBXBuildFile; fileRef = 9FCE1A91279E8D2D000A751D /* DataLoaderProtocol.swift */; };
		E310C23A27915C5D005A1AD7 /* ContentTableViewCell.swift in Sources */ = {isa = PBXBuildFile; fileRef = E310C23827915C5D005A1AD7 /* ContentTableViewCell.swift */; };
		E310C23B27915C5D005A1AD7 /* ContentTableViewCell.xib in Resources */ = {isa = PBXBuildFile; fileRef = E310C23927915C5D005A1AD7 /* ContentTableViewCell.xib */; };
		E310C23D27916FE5005A1AD7 /* PlantModel.swift in Sources */ = {isa = PBXBuildFile; fileRef = E310C23C27916FE5005A1AD7 /* PlantModel.swift */; };
		E310C23F279170BE005A1AD7 /* ContentViewModel.swift in Sources */ = {isa = PBXBuildFile; fileRef = E310C23E279170BE005A1AD7 /* ContentViewModel.swift */; };
		E310C24427917849005A1AD7 /* DecodedPlantModel.swift in Sources */ = {isa = PBXBuildFile; fileRef = E310C24327917849005A1AD7 /* DecodedPlantModel.swift */; };
		E310C246279179EC005A1AD7 /* ContentViewProtocol.swift in Sources */ = {isa = PBXBuildFile; fileRef = E310C245279179EC005A1AD7 /* ContentViewProtocol.swift */; };
		E374777A27927644006D6A4D /* GlobalStrings.swift in Sources */ = {isa = PBXBuildFile; fileRef = E374777927927644006D6A4D /* GlobalStrings.swift */; };
		E3A31CBB277D416900146AAD /* AppDelegate.swift in Sources */ = {isa = PBXBuildFile; fileRef = E3A31CBA277D416900146AAD /* AppDelegate.swift */; };
		E3A31CBD277D416900146AAD /* SceneDelegate.swift in Sources */ = {isa = PBXBuildFile; fileRef = E3A31CBC277D416900146AAD /* SceneDelegate.swift */; };
		E3A31CBF277D416900146AAD /* ContentViewController.swift in Sources */ = {isa = PBXBuildFile; fileRef = E3A31CBE277D416900146AAD /* ContentViewController.swift */; };
		E3A31CC4277D416A00146AAD /* Assets.xcassets in Resources */ = {isa = PBXBuildFile; fileRef = E3A31CC3277D416A00146AAD /* Assets.xcassets */; };
		E3A31CC7277D416A00146AAD /* LaunchScreen.storyboard in Resources */ = {isa = PBXBuildFile; fileRef = E3A31CC5277D416A00146AAD /* LaunchScreen.storyboard */; };
/* End PBXBuildFile section */

/* Begin PBXContainerItemProxy section */
		9FCE1A84279D4243000A751D /* PBXContainerItemProxy */ = {
			isa = PBXContainerItemProxy;
			containerPortal = E3A31CAF277D416900146AAD /* Project object */;
			proxyType = 1;
			remoteGlobalIDString = E3A31CB6277D416900146AAD;
			remoteInfo = "iOS Exercise";
		};
/* End PBXContainerItemProxy section */

/* Begin PBXFileReference section */
		06D10C9432256CCE3C16395C /* Pods-iOS Exercise.debug.xcconfig */ = {isa = PBXFileReference; includeInIndex = 1; lastKnownFileType = text.xcconfig; name = "Pods-iOS Exercise.debug.xcconfig"; path = "Target Support Files/Pods-iOS Exercise/Pods-iOS Exercise.debug.xcconfig"; sourceTree = "<group>"; };
		2EABCD473150CD90E48DFBD5 /* Pods-iOS Exercise.release.xcconfig */ = {isa = PBXFileReference; includeInIndex = 1; lastKnownFileType = text.xcconfig; name = "Pods-iOS Exercise.release.xcconfig"; path = "Target Support Files/Pods-iOS Exercise/Pods-iOS Exercise.release.xcconfig"; sourceTree = "<group>"; };
		9F1075A927A2715600E116B7 /* TestContentViewController.swift */ = {isa = PBXFileReference; lastKnownFileType = sourcecode.swift; path = TestContentViewController.swift; sourceTree = "<group>"; };
		9F3353FD27A3926900E57D7E /* Main.storyboard */ = {isa = PBXFileReference; lastKnownFileType = file.storyboard; path = Main.storyboard; sourceTree = "<group>"; };
		9F3FDF5227A37B7F00426BAB /* DataLoaderMock.swift */ = {isa = PBXFileReference; lastKnownFileType = sourcecode.swift; path = DataLoaderMock.swift; sourceTree = "<group>"; };
		9F3FDF5427A383AB00426BAB /* StubMaker.swift */ = {isa = PBXFileReference; lastKnownFileType = sourcecode.swift; path = StubMaker.swift; sourceTree = "<group>"; };
		9F8EB825279996BF00085C81 /* DataLoader.swift */ = {isa = PBXFileReference; lastKnownFileType = sourcecode.swift; path = DataLoader.swift; sourceTree = "<group>"; };
		9F8EB82927999D3800085C81 /* DataMapper.swift */ = {isa = PBXFileReference; lastKnownFileType = sourcecode.swift; path = DataMapper.swift; sourceTree = "<group>"; };
		9FCE1A80279D4243000A751D /* iOS ExerciseTests.xctest */ = {isa = PBXFileReference; explicitFileType = wrapper.cfbundle; includeInIndex = 0; path = "iOS ExerciseTests.xctest"; sourceTree = BUILT_PRODUCTS_DIR; };
		9FCE1A8D279E3750000A751D /* TestContentDataMapper.swift */ = {isa = PBXFileReference; lastKnownFileType = sourcecode.swift; path = TestContentDataMapper.swift; sourceTree = "<group>"; };
		9FCE1A8F279E7EF2000A751D /* TestContentViewModel.swift */ = {isa = PBXFileReference; lastKnownFileType = sourcecode.swift; path = TestContentViewModel.swift; sourceTree = "<group>"; };
		9FCE1A91279E8D2D000A751D /* DataLoaderProtocol.swift */ = {isa = PBXFileReference; lastKnownFileType = sourcecode.swift; path = DataLoaderProtocol.swift; sourceTree = "<group>"; };
		D4ECB2E933D4E03F40E2341A /* Pods_iOS_Exercise.framework */ = {isa = PBXFileReference; explicitFileType = wrapper.framework; includeInIndex = 0; path = Pods_iOS_Exercise.framework; sourceTree = BUILT_PRODUCTS_DIR; };
		E310C23827915C5D005A1AD7 /* ContentTableViewCell.swift */ = {isa = PBXFileReference; lastKnownFileType = sourcecode.swift; path = ContentTableViewCell.swift; sourceTree = "<group>"; };
		E310C23927915C5D005A1AD7 /* ContentTableViewCell.xib */ = {isa = PBXFileReference; lastKnownFileType = file.xib; path = ContentTableViewCell.xib; sourceTree = "<group>"; };
		E310C23C27916FE5005A1AD7 /* PlantModel.swift */ = {isa = PBXFileReference; lastKnownFileType = sourcecode.swift; path = PlantModel.swift; sourceTree = "<group>"; };
		E310C23E279170BE005A1AD7 /* ContentViewModel.swift */ = {isa = PBXFileReference; lastKnownFileType = sourcecode.swift; path = ContentViewModel.swift; sourceTree = "<group>"; };
		E310C24327917849005A1AD7 /* DecodedPlantModel.swift */ = {isa = PBXFileReference; lastKnownFileType = sourcecode.swift; path = DecodedPlantModel.swift; sourceTree = "<group>"; };
		E310C245279179EC005A1AD7 /* ContentViewProtocol.swift */ = {isa = PBXFileReference; lastKnownFileType = sourcecode.swift; path = ContentViewProtocol.swift; sourceTree = "<group>"; };
		E374777927927644006D6A4D /* GlobalStrings.swift */ = {isa = PBXFileReference; lastKnownFileType = sourcecode.swift; path = GlobalStrings.swift; sourceTree = "<group>"; };
		E3A31CB7277D416900146AAD /* iOS Exercise.app */ = {isa = PBXFileReference; explicitFileType = wrapper.application; includeInIndex = 0; path = "iOS Exercise.app"; sourceTree = BUILT_PRODUCTS_DIR; };
		E3A31CBA277D416900146AAD /* AppDelegate.swift */ = {isa = PBXFileReference; lastKnownFileType = sourcecode.swift; path = AppDelegate.swift; sourceTree = "<group>"; };
		E3A31CBC277D416900146AAD /* SceneDelegate.swift */ = {isa = PBXFileReference; lastKnownFileType = sourcecode.swift; path = SceneDelegate.swift; sourceTree = "<group>"; };
		E3A31CBE277D416900146AAD /* ContentViewController.swift */ = {isa = PBXFileReference; lastKnownFileType = sourcecode.swift; path = ContentViewController.swift; sourceTree = "<group>"; };
		E3A31CC3277D416A00146AAD /* Assets.xcassets */ = {isa = PBXFileReference; lastKnownFileType = folder.assetcatalog; path = Assets.xcassets; sourceTree = "<group>"; };
		E3A31CC6277D416A00146AAD /* Base */ = {isa = PBXFileReference; lastKnownFileType = file.storyboard; name = Base; path = Base.lproj/LaunchScreen.storyboard; sourceTree = "<group>"; };
		E3A31CC8277D416A00146AAD /* Info.plist */ = {isa = PBXFileReference; lastKnownFileType = text.plist.xml; path = Info.plist; sourceTree = "<group>"; };
/* End PBXFileReference section */

/* Begin PBXFrameworksBuildPhase section */
		9FCE1A7D279D4243000A751D /* Frameworks */ = {
			isa = PBXFrameworksBuildPhase;
			buildActionMask = 2147483647;
			files = (
			);
			runOnlyForDeploymentPostprocessing = 0;
		};
		E3A31CB4277D416900146AAD /* Frameworks */ = {
			isa = PBXFrameworksBuildPhase;
			buildActionMask = 2147483647;
			files = (
				8AE944D5022B7D4B54941EB4 /* Pods_iOS_Exercise.framework in Frameworks */,
			);
			runOnlyForDeploymentPostprocessing = 0;
		};
/* End PBXFrameworksBuildPhase section */

/* Begin PBXGroup section */
		9F3FDF5127A37B6A00426BAB /* Helpers */ = {
			isa = PBXGroup;
			children = (
				9F3FDF5227A37B7F00426BAB /* DataLoaderMock.swift */,
				9F3FDF5427A383AB00426BAB /* StubMaker.swift */,
			);
			path = Helpers;
			sourceTree = "<group>";
		};
		9F8EB8242799965800085C81 /* API */ = {
			isa = PBXGroup;
			children = (
				9F8EB825279996BF00085C81 /* DataLoader.swift */,
				9F8EB82927999D3800085C81 /* DataMapper.swift */,
			);
			path = API;
			sourceTree = "<group>";
		};
		9FCE1A81279D4243000A751D /* iOS ExerciseTests */ = {
			isa = PBXGroup;
			children = (
				9FCE1A89279D4504000A751D /* Content */,
			);
			path = "iOS ExerciseTests";
			sourceTree = "<group>";
		};
		9FCE1A89279D4504000A751D /* Content */ = {
			isa = PBXGroup;
			children = (
				9F3FDF5127A37B6A00426BAB /* Helpers */,
				9FCE1A8D279E3750000A751D /* TestContentDataMapper.swift */,
				9FCE1A8F279E7EF2000A751D /* TestContentViewModel.swift */,
				9F1075A927A2715600E116B7 /* TestContentViewController.swift */,
			);
			path = Content;
			sourceTree = "<group>";
		};
		D1B280AF3AA4B2C285DE06B8 /* Pods */ = {
			isa = PBXGroup;
			children = (
				06D10C9432256CCE3C16395C /* Pods-iOS Exercise.debug.xcconfig */,
				2EABCD473150CD90E48DFBD5 /* Pods-iOS Exercise.release.xcconfig */,
			);
			path = Pods;
			sourceTree = "<group>";
		};
		E310C24027917203005A1AD7 /* Protocol */ = {
			isa = PBXGroup;
			children = (
				E310C245279179EC005A1AD7 /* ContentViewProtocol.swift */,
				9FCE1A91279E8D2D000A751D /* DataLoaderProtocol.swift */,
			);
			path = Protocol;
			sourceTree = "<group>";
		};
		E37477782792762F006D6A4D /* Library */ = {
			isa = PBXGroup;
			children = (
				E374777927927644006D6A4D /* GlobalStrings.swift */,
			);
			path = Library;
			sourceTree = "<group>";
		};
		E3A31CAE277D416900146AAD = {
			isa = PBXGroup;
			children = (
				E3A31CB9277D416900146AAD /* iOS Exercise */,
				9FCE1A81279D4243000A751D /* iOS ExerciseTests */,
				E3A31CB8277D416900146AAD /* Products */,
				D1B280AF3AA4B2C285DE06B8 /* Pods */,
				F924F77E05AB1BA5B57C774D /* Frameworks */,
			);
			sourceTree = "<group>";
		};
		E3A31CB8277D416900146AAD /* Products */ = {
			isa = PBXGroup;
			children = (
				E3A31CB7277D416900146AAD /* iOS Exercise.app */,
				9FCE1A80279D4243000A751D /* iOS ExerciseTests.xctest */,
			);
			name = Products;
			sourceTree = "<group>";
		};
		E3A31CB9277D416900146AAD /* iOS Exercise */ = {
			isa = PBXGroup;
			children = (
				E37477782792762F006D6A4D /* Library */,
				E310C24027917203005A1AD7 /* Protocol */,
				E3F882F9278FC0DB00B50353 /* Controller */,
				E3F882F8278FC0C300B50353 /* View */,
				E3F882F7278FC0B700B50353 /* ViewModel */,
				E3F882F6278FC0A700B50353 /* Model */,
				9F8EB8242799965800085C81 /* API */,
				E3A31CBA277D416900146AAD /* AppDelegate.swift */,
				E3A31CBC277D416900146AAD /* SceneDelegate.swift */,
				E3A31CC3277D416A00146AAD /* Assets.xcassets */,
				E3A31CC5277D416A00146AAD /* LaunchScreen.storyboard */,
				E3A31CC8277D416A00146AAD /* Info.plist */,
			);
			path = "iOS Exercise";
			sourceTree = "<group>";
		};
		E3F882F6278FC0A700B50353 /* Model */ = {
			isa = PBXGroup;
			children = (
				E310C23C27916FE5005A1AD7 /* PlantModel.swift */,
				E310C24327917849005A1AD7 /* DecodedPlantModel.swift */,
			);
			path = Model;
			sourceTree = "<group>";
		};
		E3F882F7278FC0B700B50353 /* ViewModel */ = {
			isa = PBXGroup;
			children = (
				E310C23E279170BE005A1AD7 /* ContentViewModel.swift */,
			);
			path = ViewModel;
			sourceTree = "<group>";
		};
		E3F882F8278FC0C300B50353 /* View */ = {
			isa = PBXGroup;
			children = (
				9F3353FD27A3926900E57D7E /* Main.storyboard */,
				E310C23827915C5D005A1AD7 /* ContentTableViewCell.swift */,
				E310C23927915C5D005A1AD7 /* ContentTableViewCell.xib */,
			);
			path = View;
			sourceTree = "<group>";
		};
		E3F882F9278FC0DB00B50353 /* Controller */ = {
			isa = PBXGroup;
			children = (
				E3A31CBE277D416900146AAD /* ContentViewController.swift */,
			);
			path = Controller;
			sourceTree = "<group>";
		};
		F924F77E05AB1BA5B57C774D /* Frameworks */ = {
			isa = PBXGroup;
			children = (
				D4ECB2E933D4E03F40E2341A /* Pods_iOS_Exercise.framework */,
			);
			name = Frameworks;
			sourceTree = "<group>";
		};
/* End PBXGroup section */

/* Begin PBXNativeTarget section */
		9FCE1A7F279D4243000A751D /* iOS ExerciseTests */ = {
			isa = PBXNativeTarget;
			buildConfigurationList = 9FCE1A88279D4243000A751D /* Build configuration list for PBXNativeTarget "iOS ExerciseTests" */;
			buildPhases = (
				9FCE1A7C279D4243000A751D /* Sources */,
				9FCE1A7D279D4243000A751D /* Frameworks */,
				9FCE1A7E279D4243000A751D /* Resources */,
			);
			buildRules = (
			);
			dependencies = (
				9FCE1A85279D4243000A751D /* PBXTargetDependency */,
			);
			name = "iOS ExerciseTests";
			productName = "iOS ExerciseTests";
			productReference = 9FCE1A80279D4243000A751D /* iOS ExerciseTests.xctest */;
			productType = "com.apple.product-type.bundle.unit-test";
		};
		E3A31CB6277D416900146AAD /* iOS Exercise */ = {
			isa = PBXNativeTarget;
			buildConfigurationList = E3A31CCB277D416A00146AAD /* Build configuration list for PBXNativeTarget "iOS Exercise" */;
			buildPhases = (
				A7EC6E4BF255275598F714B4 /* [CP] Check Pods Manifest.lock */,
				E3A31CB3277D416900146AAD /* Sources */,
				E3A31CB4277D416900146AAD /* Frameworks */,
				E3A31CB5277D416900146AAD /* Resources */,
				5EFD4B8875DA779B9C871ED9 /* [CP] Embed Pods Frameworks */,
			);
			buildRules = (
			);
			dependencies = (
			);
			name = "iOS Exercise";
			productName = "iOS Exercise";
			productReference = E3A31CB7277D416900146AAD /* iOS Exercise.app */;
			productType = "com.apple.product-type.application";
		};
/* End PBXNativeTarget section */

/* Begin PBXProject section */
		E3A31CAF277D416900146AAD /* Project object */ = {
			isa = PBXProject;
			attributes = {
				LastSwiftUpdateCheck = 1310;
				LastUpgradeCheck = 1250;
				TargetAttributes = {
					9FCE1A7F279D4243000A751D = {
						CreatedOnToolsVersion = 13.1;
						LastSwiftMigration = 1310;
						TestTargetID = E3A31CB6277D416900146AAD;
					};
					E3A31CB6277D416900146AAD = {
						CreatedOnToolsVersion = 12.5.1;
					};
				};
			};
			buildConfigurationList = E3A31CB2277D416900146AAD /* Build configuration list for PBXProject "iOS Exercise" */;
			compatibilityVersion = "Xcode 9.3";
			developmentRegion = en;
			hasScannedForEncodings = 0;
			knownRegions = (
				en,
				Base,
			);
			mainGroup = E3A31CAE277D416900146AAD;
			productRefGroup = E3A31CB8277D416900146AAD /* Products */;
			projectDirPath = "";
			projectRoot = "";
			targets = (
				E3A31CB6277D416900146AAD /* iOS Exercise */,
				9FCE1A7F279D4243000A751D /* iOS ExerciseTests */,
			);
		};
/* End PBXProject section */

/* Begin PBXResourcesBuildPhase section */
		9FCE1A7E279D4243000A751D /* Resources */ = {
			isa = PBXResourcesBuildPhase;
			buildActionMask = 2147483647;
			files = (
			);
			runOnlyForDeploymentPostprocessing = 0;
		};
		E3A31CB5277D416900146AAD /* Resources */ = {
			isa = PBXResourcesBuildPhase;
			buildActionMask = 2147483647;
			files = (
				E3A31CC7277D416A00146AAD /* LaunchScreen.storyboard in Resources */,
				E3A31CC4277D416A00146AAD /* Assets.xcassets in Resources */,
				E310C23B27915C5D005A1AD7 /* ContentTableViewCell.xib in Resources */,
				9F3353FE27A3926900E57D7E /* Main.storyboard in Resources */,
			);
			runOnlyForDeploymentPostprocessing = 0;
		};
/* End PBXResourcesBuildPhase section */

/* Begin PBXShellScriptBuildPhase section */
		5EFD4B8875DA779B9C871ED9 /* [CP] Embed Pods Frameworks */ = {
			isa = PBXShellScriptBuildPhase;
			buildActionMask = 2147483647;
			files = (
			);
			inputFileListPaths = (
				"${PODS_ROOT}/Target Support Files/Pods-iOS Exercise/Pods-iOS Exercise-frameworks-${CONFIGURATION}-input-files.xcfilelist",
			);
			name = "[CP] Embed Pods Frameworks";
			outputFileListPaths = (
				"${PODS_ROOT}/Target Support Files/Pods-iOS Exercise/Pods-iOS Exercise-frameworks-${CONFIGURATION}-output-files.xcfilelist",
			);
			runOnlyForDeploymentPostprocessing = 0;
			shellPath = /bin/sh;
			shellScript = "\"${PODS_ROOT}/Target Support Files/Pods-iOS Exercise/Pods-iOS Exercise-frameworks.sh\"\n";
			showEnvVarsInLog = 0;
		};
		A7EC6E4BF255275598F714B4 /* [CP] Check Pods Manifest.lock */ = {
			isa = PBXShellScriptBuildPhase;
			buildActionMask = 2147483647;
			files = (
			);
			inputFileListPaths = (
			);
			inputPaths = (
				"${PODS_PODFILE_DIR_PATH}/Podfile.lock",
				"${PODS_ROOT}/Manifest.lock",
			);
			name = "[CP] Check Pods Manifest.lock";
			outputFileListPaths = (
			);
			outputPaths = (
				"$(DERIVED_FILE_DIR)/Pods-iOS Exercise-checkManifestLockResult.txt",
			);
			runOnlyForDeploymentPostprocessing = 0;
			shellPath = /bin/sh;
			shellScript = "diff \"${PODS_PODFILE_DIR_PATH}/Podfile.lock\" \"${PODS_ROOT}/Manifest.lock\" > /dev/null\nif [ $? != 0 ] ; then\n    # print error to STDERR\n    echo \"error: The sandbox is not in sync with the Podfile.lock. Run 'pod install' or update your CocoaPods installation.\" >&2\n    exit 1\nfi\n# This output is used by Xcode 'outputs' to avoid re-running this script phase.\necho \"SUCCESS\" > \"${SCRIPT_OUTPUT_FILE_0}\"\n";
			showEnvVarsInLog = 0;
		};
/* End PBXShellScriptBuildPhase section */

/* Begin PBXSourcesBuildPhase section */
		9FCE1A7C279D4243000A751D /* Sources */ = {
			isa = PBXSourcesBuildPhase;
			buildActionMask = 2147483647;
			files = (
				9F1075AA27A2715600E116B7 /* TestContentViewController.swift in Sources */,
				9FCE1A8E279E3750000A751D /* TestContentDataMapper.swift in Sources */,
				9F3FDF5327A37B7F00426BAB /* DataLoaderMock.swift in Sources */,
				9F3FDF5527A383AB00426BAB /* StubMaker.swift in Sources */,
				9FCE1A90279E7EF2000A751D /* TestContentViewModel.swift in Sources */,
			);
			runOnlyForDeploymentPostprocessing = 0;
		};
		E3A31CB3277D416900146AAD /* Sources */ = {
			isa = PBXSourcesBuildPhase;
			buildActionMask = 2147483647;
			files = (
				9FCE1A92279E8D2D000A751D /* DataLoaderProtocol.swift in Sources */,
				9F8EB82A27999D3800085C81 /* DataMapper.swift in Sources */,
				9F8EB826279996BF00085C81 /* DataLoader.swift in Sources */,
				E310C246279179EC005A1AD7 /* ContentViewProtocol.swift in Sources */,
				E310C23D27916FE5005A1AD7 /* PlantModel.swift in Sources */,
				E310C24427917849005A1AD7 /* DecodedPlantModel.swift in Sources */,
				E3A31CBF277D416900146AAD /* ContentViewController.swift in Sources */,
				E3A31CBB277D416900146AAD /* AppDelegate.swift in Sources */,
				E374777A27927644006D6A4D /* GlobalStrings.swift in Sources */,
				E3A31CBD277D416900146AAD /* SceneDelegate.swift in Sources */,
				E310C23F279170BE005A1AD7 /* ContentViewModel.swift in Sources */,
				E310C23A27915C5D005A1AD7 /* ContentTableViewCell.swift in Sources */,
			);
			runOnlyForDeploymentPostprocessing = 0;
		};
/* End PBXSourcesBuildPhase section */

/* Begin PBXTargetDependency section */
		9FCE1A85279D4243000A751D /* PBXTargetDependency */ = {
			isa = PBXTargetDependency;
			target = E3A31CB6277D416900146AAD /* iOS Exercise */;
			targetProxy = 9FCE1A84279D4243000A751D /* PBXContainerItemProxy */;
		};
/* End PBXTargetDependency section */

/* Begin PBXVariantGroup section */
		E3A31CC5277D416A00146AAD /* LaunchScreen.storyboard */ = {
			isa = PBXVariantGroup;
			children = (
				E3A31CC6277D416A00146AAD /* Base */,
			);
			name = LaunchScreen.storyboard;
			sourceTree = "<group>";
		};
/* End PBXVariantGroup section */

/* Begin XCBuildConfiguration section */
		9FCE1A86279D4243000A751D /* Debug */ = {
			isa = XCBuildConfiguration;
			buildSettings = {
				BUNDLE_LOADER = "$(TEST_HOST)";
				CLANG_CXX_LANGUAGE_STANDARD = "gnu++17";
				CLANG_ENABLE_MODULES = YES;
				CODE_SIGN_STYLE = Automatic;
				CURRENT_PROJECT_VERSION = 1;
				DEVELOPMENT_TEAM = VZLQ4CCG9D;
				GENERATE_INFOPLIST_FILE = YES;
				IPHONEOS_DEPLOYMENT_TARGET = 15.0;
				LD_RUNPATH_SEARCH_PATHS = (
					"$(inherited)",
					"@executable_path/Frameworks",
					"@loader_path/Frameworks",
				);
				MARKETING_VERSION = 1.0;
				PRODUCT_BUNDLE_IDENTIFIER = "com.allenlin.iOS-ExerciseTests";
				PRODUCT_NAME = "$(TARGET_NAME)";
				SWIFT_EMIT_LOC_STRINGS = NO;
				SWIFT_OBJC_BRIDGING_HEADER = "";
				SWIFT_OPTIMIZATION_LEVEL = "-Onone";
				SWIFT_VERSION = 5.0;
				TARGETED_DEVICE_FAMILY = "1,2";
				TEST_HOST = "$(BUILT_PRODUCTS_DIR)/iOS Exercise.app/iOS Exercise";
			};
			name = Debug;
		};
		9FCE1A87279D4243000A751D /* Release */ = {
			isa = XCBuildConfiguration;
			buildSettings = {
				BUNDLE_LOADER = "$(TEST_HOST)";
				CLANG_CXX_LANGUAGE_STANDARD = "gnu++17";
				CLANG_ENABLE_MODULES = YES;
				CODE_SIGN_STYLE = Automatic;
				CURRENT_PROJECT_VERSION = 1;
				DEVELOPMENT_TEAM = VZLQ4CCG9D;
				GENERATE_INFOPLIST_FILE = YES;
				IPHONEOS_DEPLOYMENT_TARGET = 15.0;
				LD_RUNPATH_SEARCH_PATHS = (
					"$(inherited)",
					"@executable_path/Frameworks",
					"@loader_path/Frameworks",
				);
				MARKETING_VERSION = 1.0;
				PRODUCT_BUNDLE_IDENTIFIER = "com.allenlin.iOS-ExerciseTests";
				PRODUCT_NAME = "$(TARGET_NAME)";
				SWIFT_EMIT_LOC_STRINGS = NO;
				SWIFT_OBJC_BRIDGING_HEADER = "";
				SWIFT_VERSION = 5.0;
				TARGETED_DEVICE_FAMILY = "1,2";
				TEST_HOST = "$(BUILT_PRODUCTS_DIR)/iOS Exercise.app/iOS Exercise";
			};
			name = Release;
		};
		E3A31CC9277D416A00146AAD /* Debug */ = {
			isa = XCBuildConfiguration;
			buildSettings = {
				ALWAYS_SEARCH_USER_PATHS = NO;
				CLANG_ANALYZER_NONNULL = YES;
				CLANG_ANALYZER_NUMBER_OBJECT_CONVERSION = YES_AGGRESSIVE;
				CLANG_CXX_LANGUAGE_STANDARD = "gnu++14";
				CLANG_CXX_LIBRARY = "libc++";
				CLANG_ENABLE_MODULES = YES;
				CLANG_ENABLE_OBJC_ARC = YES;
				CLANG_ENABLE_OBJC_WEAK = YES;
				CLANG_WARN_BLOCK_CAPTURE_AUTORELEASING = YES;
				CLANG_WARN_BOOL_CONVERSION = YES;
				CLANG_WARN_COMMA = YES;
				CLANG_WARN_CONSTANT_CONVERSION = YES;
				CLANG_WARN_DEPRECATED_OBJC_IMPLEMENTATIONS = YES;
				CLANG_WARN_DIRECT_OBJC_ISA_USAGE = YES_ERROR;
				CLANG_WARN_DOCUMENTATION_COMMENTS = YES;
				CLANG_WARN_EMPTY_BODY = YES;
				CLANG_WARN_ENUM_CONVERSION = YES;
				CLANG_WARN_INFINITE_RECURSION = YES;
				CLANG_WARN_INT_CONVERSION = YES;
				CLANG_WARN_NON_LITERAL_NULL_CONVERSION = YES;
				CLANG_WARN_OBJC_IMPLICIT_RETAIN_SELF = YES;
				CLANG_WARN_OBJC_LITERAL_CONVERSION = YES;
				CLANG_WARN_OBJC_ROOT_CLASS = YES_ERROR;
				CLANG_WARN_QUOTED_INCLUDE_IN_FRAMEWORK_HEADER = YES;
				CLANG_WARN_RANGE_LOOP_ANALYSIS = YES;
				CLANG_WARN_STRICT_PROTOTYPES = YES;
				CLANG_WARN_SUSPICIOUS_MOVE = YES;
				CLANG_WARN_UNGUARDED_AVAILABILITY = YES_AGGRESSIVE;
				CLANG_WARN_UNREACHABLE_CODE = YES;
				CLANG_WARN__DUPLICATE_METHOD_MATCH = YES;
				COPY_PHASE_STRIP = NO;
				DEBUG_INFORMATION_FORMAT = dwarf;
				ENABLE_STRICT_OBJC_MSGSEND = YES;
				ENABLE_TESTABILITY = YES;
				GCC_C_LANGUAGE_STANDARD = gnu11;
				GCC_DYNAMIC_NO_PIC = NO;
				GCC_NO_COMMON_BLOCKS = YES;
				GCC_OPTIMIZATION_LEVEL = 0;
				GCC_PREPROCESSOR_DEFINITIONS = (
					"DEBUG=1",
					"$(inherited)",
				);
				GCC_WARN_64_TO_32_BIT_CONVERSION = YES;
				GCC_WARN_ABOUT_RETURN_TYPE = YES_ERROR;
				GCC_WARN_UNDECLARED_SELECTOR = YES;
				GCC_WARN_UNINITIALIZED_AUTOS = YES_AGGRESSIVE;
				GCC_WARN_UNUSED_FUNCTION = YES;
				GCC_WARN_UNUSED_VARIABLE = YES;
				IPHONEOS_DEPLOYMENT_TARGET = 14.5;
				MTL_ENABLE_DEBUG_INFO = INCLUDE_SOURCE;
				MTL_FAST_MATH = YES;
				ONLY_ACTIVE_ARCH = YES;
				SDKROOT = iphoneos;
				SWIFT_ACTIVE_COMPILATION_CONDITIONS = DEBUG;
				SWIFT_OPTIMIZATION_LEVEL = "-Onone";
			};
			name = Debug;
		};
		E3A31CCA277D416A00146AAD /* Release */ = {
			isa = XCBuildConfiguration;
			buildSettings = {
				ALWAYS_SEARCH_USER_PATHS = NO;
				CLANG_ANALYZER_NONNULL = YES;
				CLANG_ANALYZER_NUMBER_OBJECT_CONVERSION = YES_AGGRESSIVE;
				CLANG_CXX_LANGUAGE_STANDARD = "gnu++14";
				CLANG_CXX_LIBRARY = "libc++";
				CLANG_ENABLE_MODULES = YES;
				CLANG_ENABLE_OBJC_ARC = YES;
				CLANG_ENABLE_OBJC_WEAK = YES;
				CLANG_WARN_BLOCK_CAPTURE_AUTORELEASING = YES;
				CLANG_WARN_BOOL_CONVERSION = YES;
				CLANG_WARN_COMMA = YES;
				CLANG_WARN_CONSTANT_CONVERSION = YES;
				CLANG_WARN_DEPRECATED_OBJC_IMPLEMENTATIONS = YES;
				CLANG_WARN_DIRECT_OBJC_ISA_USAGE = YES_ERROR;
				CLANG_WARN_DOCUMENTATION_COMMENTS = YES;
				CLANG_WARN_EMPTY_BODY = YES;
				CLANG_WARN_ENUM_CONVERSION = YES;
				CLANG_WARN_INFINITE_RECURSION = YES;
				CLANG_WARN_INT_CONVERSION = YES;
				CLANG_WARN_NON_LITERAL_NULL_CONVERSION = YES;
				CLANG_WARN_OBJC_IMPLICIT_RETAIN_SELF = YES;
				CLANG_WARN_OBJC_LITERAL_CONVERSION = YES;
				CLANG_WARN_OBJC_ROOT_CLASS = YES_ERROR;
				CLANG_WARN_QUOTED_INCLUDE_IN_FRAMEWORK_HEADER = YES;
				CLANG_WARN_RANGE_LOOP_ANALYSIS = YES;
				CLANG_WARN_STRICT_PROTOTYPES = YES;
				CLANG_WARN_SUSPICIOUS_MOVE = YES;
				CLANG_WARN_UNGUARDED_AVAILABILITY = YES_AGGRESSIVE;
				CLANG_WARN_UNREACHABLE_CODE = YES;
				CLANG_WARN__DUPLICATE_METHOD_MATCH = YES;
				COPY_PHASE_STRIP = NO;
				DEBUG_INFORMATION_FORMAT = "dwarf-with-dsym";
				ENABLE_NS_ASSERTIONS = NO;
				ENABLE_STRICT_OBJC_MSGSEND = YES;
				GCC_C_LANGUAGE_STANDARD = gnu11;
				GCC_NO_COMMON_BLOCKS = YES;
				GCC_WARN_64_TO_32_BIT_CONVERSION = YES;
				GCC_WARN_ABOUT_RETURN_TYPE = YES_ERROR;
				GCC_WARN_UNDECLARED_SELECTOR = YES;
				GCC_WARN_UNINITIALIZED_AUTOS = YES_AGGRESSIVE;
				GCC_WARN_UNUSED_FUNCTION = YES;
				GCC_WARN_UNUSED_VARIABLE = YES;
				IPHONEOS_DEPLOYMENT_TARGET = 14.5;
				MTL_ENABLE_DEBUG_INFO = NO;
				MTL_FAST_MATH = YES;
				SDKROOT = iphoneos;
				SWIFT_COMPILATION_MODE = wholemodule;
				SWIFT_OPTIMIZATION_LEVEL = "-O";
				VALIDATE_PRODUCT = YES;
			};
			name = Release;
		};
		E3A31CCC277D416A00146AAD /* Debug */ = {
			isa = XCBuildConfiguration;
			baseConfigurationReference = 06D10C9432256CCE3C16395C /* Pods-iOS Exercise.debug.xcconfig */;
			buildSettings = {
				ASSETCATALOG_COMPILER_APPICON_NAME = AppIcon;
				ASSETCATALOG_COMPILER_GLOBAL_ACCENT_COLOR_NAME = AccentColor;
				CODE_SIGN_STYLE = Automatic;
				DEVELOPMENT_TEAM = VZLQ4CCG9D;
				INFOPLIST_FILE = "iOS Exercise/Info.plist";
				LD_RUNPATH_SEARCH_PATHS = (
					"$(inherited)",
					"@executable_path/Frameworks",
				);
				PRODUCT_BUNDLE_IDENTIFIER = "com.allenlin.iOS-Exercise";
				PRODUCT_NAME = "$(TARGET_NAME)";
				SWIFT_VERSION = 5.0;
				TARGETED_DEVICE_FAMILY = "1,2";
			};
			name = Debug;
		};
		E3A31CCD277D416A00146AAD /* Release */ = {
			isa = XCBuildConfiguration;
			baseConfigurationReference = 2EABCD473150CD90E48DFBD5 /* Pods-iOS Exercise.release.xcconfig */;
			buildSettings = {
				ASSETCATALOG_COMPILER_APPICON_NAME = AppIcon;
				ASSETCATALOG_COMPILER_GLOBAL_ACCENT_COLOR_NAME = AccentColor;
				CODE_SIGN_STYLE = Automatic;
				DEVELOPMENT_TEAM = VZLQ4CCG9D;
				INFOPLIST_FILE = "iOS Exercise/Info.plist";
				LD_RUNPATH_SEARCH_PATHS = (
					"$(inherited)",
					"@executable_path/Frameworks",
				);
				PRODUCT_BUNDLE_IDENTIFIER = "com.allenlin.iOS-Exercise";
				PRODUCT_NAME = "$(TARGET_NAME)";
				SWIFT_VERSION = 5.0;
				TARGETED_DEVICE_FAMILY = "1,2";
			};
			name = Release;
		};
/* End XCBuildConfiguration section */

/* Begin XCConfigurationList section */
		9FCE1A88279D4243000A751D /* Build configuration list for PBXNativeTarget "iOS ExerciseTests" */ = {
			isa = XCConfigurationList;
			buildConfigurations = (
				9FCE1A86279D4243000A751D /* Debug */,
				9FCE1A87279D4243000A751D /* Release */,
			);
			defaultConfigurationIsVisible = 0;
			defaultConfigurationName = Release;
		};
		E3A31CB2277D416900146AAD /* Build configuration list for PBXProject "iOS Exercise" */ = {
			isa = XCConfigurationList;
			buildConfigurations = (
				E3A31CC9277D416A00146AAD /* Debug */,
				E3A31CCA277D416A00146AAD /* Release */,
			);
			defaultConfigurationIsVisible = 0;
			defaultConfigurationName = Release;
		};
		E3A31CCB277D416A00146AAD /* Build configuration list for PBXNativeTarget "iOS Exercise" */ = {
			isa = XCConfigurationList;
			buildConfigurations = (
				E3A31CCC277D416A00146AAD /* Debug */,
				E3A31CCD277D416A00146AAD /* Release */,
			);
			defaultConfigurationIsVisible = 0;
			defaultConfigurationName = Release;
		};
/* End XCConfigurationList section */
	};
	rootObject = E3A31CAF277D416900146AAD /* Project object */;
}
