// !$*UTF8*$!
{
	archiveVersion = 1;
	classes = {
	};
	objectVersion = 50;
	objects = {

/* Begin PBXBuildFile section */
		E310C23A27915C5D005A1AD7 /* ContentTableViewCell.swift in Sources */ = {isa = PBXBuildFile; fileRef = E310C23827915C5D005A1AD7 /* ContentTableViewCell.swift */; };
		E310C23B27915C5D005A1AD7 /* ContentTableViewCell.xib in Resources */ = {isa = PBXBuildFile; fileRef = E310C23927915C5D005A1AD7 /* ContentTableViewCell.xib */; };
		E310C23D27916FE5005A1AD7 /* PlantModel.swift in Sources */ = {isa = PBXBuildFile; fileRef = E310C23C27916FE5005A1AD7 /* PlantModel.swift */; };
		E310C23F279170BE005A1AD7 /* ContentViewModel.swift in Sources */ = {isa = PBXBuildFile; fileRef = E310C23E279170BE005A1AD7 /* ContentViewModel.swift */; };
		E310C24427917849005A1AD7 /* DecodedPlantModel.swift in Sources */ = {isa = PBXBuildFile; fileRef = E310C24327917849005A1AD7 /* DecodedPlantModel.swift */; };
		E310C246279179EC005A1AD7 /* ContentProtocol.swift in Sources */ = {isa = PBXBuildFile; fileRef = E310C245279179EC005A1AD7 /* ContentProtocol.swift */; };
		E374777727926B6B006D6A4D /* StringExtension.swift in Sources */ = {isa = PBXBuildFile; fileRef = E374777627926B6B006D6A4D /* StringExtension.swift */; };
		E3A31CBB277D416900146AAD /* AppDelegate.swift in Sources */ = {isa = PBXBuildFile; fileRef = E3A31CBA277D416900146AAD /* AppDelegate.swift */; };
		E3A31CBD277D416900146AAD /* SceneDelegate.swift in Sources */ = {isa = PBXBuildFile; fileRef = E3A31CBC277D416900146AAD /* SceneDelegate.swift */; };
		E3A31CBF277D416900146AAD /* ContentViewController.swift in Sources */ = {isa = PBXBuildFile; fileRef = E3A31CBE277D416900146AAD /* ContentViewController.swift */; };
		E3A31CC2277D416900146AAD /* Main.storyboard in Resources */ = {isa = PBXBuildFile; fileRef = E3A31CC0277D416900146AAD /* Main.storyboard */; };
		E3A31CC4277D416A00146AAD /* Assets.xcassets in Resources */ = {isa = PBXBuildFile; fileRef = E3A31CC3277D416A00146AAD /* Assets.xcassets */; };
		E3A31CC7277D416A00146AAD /* LaunchScreen.storyboard in Resources */ = {isa = PBXBuildFile; fileRef = E3A31CC5277D416A00146AAD /* LaunchScreen.storyboard */; };
/* End PBXBuildFile section */

/* Begin PBXFileReference section */
		E310C23827915C5D005A1AD7 /* ContentTableViewCell.swift */ = {isa = PBXFileReference; lastKnownFileType = sourcecode.swift; path = ContentTableViewCell.swift; sourceTree = "<group>"; };
		E310C23927915C5D005A1AD7 /* ContentTableViewCell.xib */ = {isa = PBXFileReference; lastKnownFileType = file.xib; path = ContentTableViewCell.xib; sourceTree = "<group>"; };
		E310C23C27916FE5005A1AD7 /* PlantModel.swift */ = {isa = PBXFileReference; lastKnownFileType = sourcecode.swift; path = PlantModel.swift; sourceTree = "<group>"; };
		E310C23E279170BE005A1AD7 /* ContentViewModel.swift */ = {isa = PBXFileReference; lastKnownFileType = sourcecode.swift; path = ContentViewModel.swift; sourceTree = "<group>"; };
		E310C24327917849005A1AD7 /* DecodedPlantModel.swift */ = {isa = PBXFileReference; lastKnownFileType = sourcecode.swift; path = DecodedPlantModel.swift; sourceTree = "<group>"; };
		E310C245279179EC005A1AD7 /* ContentProtocol.swift */ = {isa = PBXFileReference; lastKnownFileType = sourcecode.swift; path = ContentProtocol.swift; sourceTree = "<group>"; };
		E374777627926B6B006D6A4D /* StringExtension.swift */ = {isa = PBXFileReference; lastKnownFileType = sourcecode.swift; path = StringExtension.swift; sourceTree = "<group>"; };
		E3A31CB7277D416900146AAD /* iOS Exercise.app */ = {isa = PBXFileReference; explicitFileType = wrapper.application; includeInIndex = 0; path = "iOS Exercise.app"; sourceTree = BUILT_PRODUCTS_DIR; };
		E3A31CBA277D416900146AAD /* AppDelegate.swift */ = {isa = PBXFileReference; lastKnownFileType = sourcecode.swift; path = AppDelegate.swift; sourceTree = "<group>"; };
		E3A31CBC277D416900146AAD /* SceneDelegate.swift */ = {isa = PBXFileReference; lastKnownFileType = sourcecode.swift; path = SceneDelegate.swift; sourceTree = "<group>"; };
		E3A31CBE277D416900146AAD /* ContentViewController.swift */ = {isa = PBXFileReference; lastKnownFileType = sourcecode.swift; path = ContentViewController.swift; sourceTree = "<group>"; };
		E3A31CC1277D416900146AAD /* Base */ = {isa = PBXFileReference; lastKnownFileType = file.storyboard; name = Base; path = Base.lproj/Main.storyboard; sourceTree = "<group>"; };
		E3A31CC3277D416A00146AAD /* Assets.xcassets */ = {isa = PBXFileReference; lastKnownFileType = folder.assetcatalog; path = Assets.xcassets; sourceTree = "<group>"; };
		E3A31CC6277D416A00146AAD /* Base */ = {isa = PBXFileReference; lastKnownFileType = file.storyboard; name = Base; path = Base.lproj/LaunchScreen.storyboard; sourceTree = "<group>"; };
		E3A31CC8277D416A00146AAD /* Info.plist */ = {isa = PBXFileReference; lastKnownFileType = text.plist.xml; path = Info.plist; sourceTree = "<group>"; };
/* End PBXFileReference section */

/* Begin PBXFrameworksBuildPhase section */
		E3A31CB4277D416900146AAD /* Frameworks */ = {
			isa = PBXFrameworksBuildPhase;
			buildActionMask = 2147483647;
			files = (
			);
			runOnlyForDeploymentPostprocessing = 0;
		};
/* End PBXFrameworksBuildPhase section */

/* Begin PBXGroup section */
		E310C24027917203005A1AD7 /* Protocol */ = {
			isa = PBXGroup;
			children = (
				E310C245279179EC005A1AD7 /* ContentProtocol.swift */,
			);
			path = Protocol;
			sourceTree = "<group>";
		};
		E374777527926B5B006D6A4D /* Extension */ = {
			isa = PBXGroup;
			children = (
				E374777627926B6B006D6A4D /* StringExtension.swift */,
			);
			path = Extension;
			sourceTree = "<group>";
		};
		E3A31CAE277D416900146AAD = {
			isa = PBXGroup;
			children = (
				E3A31CB9277D416900146AAD /* iOS Exercise */,
				E3A31CB8277D416900146AAD /* Products */,
			);
			sourceTree = "<group>";
		};
		E3A31CB8277D416900146AAD /* Products */ = {
			isa = PBXGroup;
			children = (
				E3A31CB7277D416900146AAD /* iOS Exercise.app */,
			);
			name = Products;
			sourceTree = "<group>";
		};
		E3A31CB9277D416900146AAD /* iOS Exercise */ = {
			isa = PBXGroup;
			children = (
				E374777527926B5B006D6A4D /* Extension */,
				E310C24027917203005A1AD7 /* Protocol */,
				E3F882F9278FC0DB00B50353 /* Controller */,
				E3F882F8278FC0C300B50353 /* View */,
				E3F882F7278FC0B700B50353 /* ViewModel */,
				E3F882F6278FC0A700B50353 /* Model */,
				E3A31CBA277D416900146AAD /* AppDelegate.swift */,
				E3A31CBC277D416900146AAD /* SceneDelegate.swift */,
				E3A31CC3277D416A00146AAD /* Assets.xcassets */,
				E3A31CC5277D416A00146AAD /* LaunchScreen.storyboard */,
				E3A31CC8277D416A00146AAD /* Info.plist */,
			);
			path = "iOS Exercise";
			sourceTree = "<group>";
		};
		E3F882F6278FC0A700B50353 /* Model */ = {
			isa = PBXGroup;
			children = (
				E310C23C27916FE5005A1AD7 /* PlantModel.swift */,
				E310C24327917849005A1AD7 /* DecodedPlantModel.swift */,
			);
			path = Model;
			sourceTree = "<group>";
		};
		E3F882F7278FC0B700B50353 /* ViewModel */ = {
			isa = PBXGroup;
			children = (
				E310C23E279170BE005A1AD7 /* ContentViewModel.swift */,
			);
			path = ViewModel;
			sourceTree = "<group>";
		};
		E3F882F8278FC0C300B50353 /* View */ = {
			isa = PBXGroup;
			children = (
				E3A31CC0277D416900146AAD /* Main.storyboard */,
				E310C23927915C5D005A1AD7 /* ContentTableViewCell.xib */,
			);
			path = View;
			sourceTree = "<group>";
		};
		E3F882F9278FC0DB00B50353 /* Controller */ = {
			isa = PBXGroup;
			children = (
				E3A31CBE277D416900146AAD /* ContentViewController.swift */,
				E310C23827915C5D005A1AD7 /* ContentTableViewCell.swift */,
			);
			path = Controller;
			sourceTree = "<group>";
		};
/* End PBXGroup section */

/* Begin PBXNativeTarget section */
		E3A31CB6277D416900146AAD /* iOS Exercise */ = {
			isa = PBXNativeTarget;
			buildConfigurationList = E3A31CCB277D416A00146AAD /* Build configuration list for PBXNativeTarget "iOS Exercise" */;
			buildPhases = (
				E3A31CB3277D416900146AAD /* Sources */,
				E3A31CB4277D416900146AAD /* Frameworks */,
				E3A31CB5277D416900146AAD /* Resources */,
			);
			buildRules = (
			);
			dependencies = (
			);
			name = "iOS Exercise";
			productName = "iOS Exercise";
			productReference = E3A31CB7277D416900146AAD /* iOS Exercise.app */;
			productType = "com.apple.product-type.application";
		};
/* End PBXNativeTarget section */

/* Begin PBXProject section */
		E3A31CAF277D416900146AAD /* Project object */ = {
			isa = PBXProject;
			attributes = {
				LastSwiftUpdateCheck = 1250;
				LastUpgradeCheck = 1250;
				TargetAttributes = {
					E3A31CB6277D416900146AAD = {
						CreatedOnToolsVersion = 12.5.1;
					};
				};
			};
			buildConfigurationList = E3A31CB2277D416900146AAD /* Build configuration list for PBXProject "iOS Exercise" */;
			compatibilityVersion = "Xcode 9.3";
			developmentRegion = en;
			hasScannedForEncodings = 0;
			knownRegions = (
				en,
				Base,
			);
			mainGroup = E3A31CAE277D416900146AAD;
			productRefGroup = E3A31CB8277D416900146AAD /* Products */;
			projectDirPath = "";
			projectRoot = "";
			targets = (
				E3A31CB6277D416900146AAD /* iOS Exercise */,
			);
		};
/* End PBXProject section */

/* Begin PBXResourcesBuildPhase section */
		E3A31CB5277D416900146AAD /* Resources */ = {
			isa = PBXResourcesBuildPhase;
			buildActionMask = 2147483647;
			files = (
				E3A31CC7277D416A00146AAD /* LaunchScreen.storyboard in Resources */,
				E3A31CC4277D416A00146AAD /* Assets.xcassets in Resources */,
				E3A31CC2277D416900146AAD /* Main.storyboard in Resources */,
				E310C23B27915C5D005A1AD7 /* ContentTableViewCell.xib in Resources */,
			);
			runOnlyForDeploymentPostprocessing = 0;
		};
/* End PBXResourcesBuildPhase section */

/* Begin PBXSourcesBuildPhase section */
		E3A31CB3277D416900146AAD /* Sources */ = {
			isa = PBXSourcesBuildPhase;
			buildActionMask = 2147483647;
			files = (
				E310C246279179EC005A1AD7 /* ContentProtocol.swift in Sources */,
				E310C23D27916FE5005A1AD7 /* PlantModel.swift in Sources */,
				E310C24427917849005A1AD7 /* DecodedPlantModel.swift in Sources */,
				E3A31CBF277D416900146AAD /* ContentViewController.swift in Sources */,
				E3A31CBB277D416900146AAD /* AppDelegate.swift in Sources */,
				E374777727926B6B006D6A4D /* StringExtension.swift in Sources */,
				E3A31CBD277D416900146AAD /* SceneDelegate.swift in Sources */,
				E310C23F279170BE005A1AD7 /* ContentViewModel.swift in Sources */,
				E310C23A27915C5D005A1AD7 /* ContentTableViewCell.swift in Sources */,
			);
			runOnlyForDeploymentPostprocessing = 0;
		};
/* End PBXSourcesBuildPhase section */

/* Begin PBXVariantGroup section */
		E3A31CC0277D416900146AAD /* Main.storyboard */ = {
			isa = PBXVariantGroup;
			children = (
				E3A31CC1277D416900146AAD /* Base */,
			);
			name = Main.storyboard;
			sourceTree = "<group>";
		};
		E3A31CC5277D416A00146AAD /* LaunchScreen.storyboard */ = {
			isa = PBXVariantGroup;
			children = (
				E3A31CC6277D416A00146AAD /* Base */,
			);
			name = LaunchScreen.storyboard;
			sourceTree = "<group>";
		};
/* End PBXVariantGroup section */

/* Begin XCBuildConfiguration section */
		E3A31CC9277D416A00146AAD /* Debug */ = {
			isa = XCBuildConfiguration;
			buildSettings = {
				ALWAYS_SEARCH_USER_PATHS = NO;
				CLANG_ANALYZER_NONNULL = YES;
				CLANG_ANALYZER_NUMBER_OBJECT_CONVERSION = YES_AGGRESSIVE;
				CLANG_CXX_LANGUAGE_STANDARD = "gnu++14";
				CLANG_CXX_LIBRARY = "libc++";
				CLANG_ENABLE_MODULES = YES;
				CLANG_ENABLE_OBJC_ARC = YES;
				CLANG_ENABLE_OBJC_WEAK = YES;
				CLANG_WARN_BLOCK_CAPTURE_AUTORELEASING = YES;
				CLANG_WARN_BOOL_CONVERSION = YES;
				CLANG_WARN_COMMA = YES;
				CLANG_WARN_CONSTANT_CONVERSION = YES;
				CLANG_WARN_DEPRECATED_OBJC_IMPLEMENTATIONS = YES;
				CLANG_WARN_DIRECT_OBJC_ISA_USAGE = YES_ERROR;
				CLANG_WARN_DOCUMENTATION_COMMENTS = YES;
				CLANG_WARN_EMPTY_BODY = YES;
				CLANG_WARN_ENUM_CONVERSION = YES;
				CLANG_WARN_INFINITE_RECURSION = YES;
				CLANG_WARN_INT_CONVERSION = YES;
				CLANG_WARN_NON_LITERAL_NULL_CONVERSION = YES;
				CLANG_WARN_OBJC_IMPLICIT_RETAIN_SELF = YES;
				CLANG_WARN_OBJC_LITERAL_CONVERSION = YES;
				CLANG_WARN_OBJC_ROOT_CLASS = YES_ERROR;
				CLANG_WARN_QUOTED_INCLUDE_IN_FRAMEWORK_HEADER = YES;
				CLANG_WARN_RANGE_LOOP_ANALYSIS = YES;
				CLANG_WARN_STRICT_PROTOTYPES = YES;
				CLANG_WARN_SUSPICIOUS_MOVE = YES;
				CLANG_WARN_UNGUARDED_AVAILABILITY = YES_AGGRESSIVE;
				CLANG_WARN_UNREACHABLE_CODE = YES;
				CLANG_WARN__DUPLICATE_METHOD_MATCH = YES;
				COPY_PHASE_STRIP = NO;
				DEBUG_INFORMATION_FORMAT = dwarf;
				ENABLE_STRICT_OBJC_MSGSEND = YES;
				ENABLE_TESTABILITY = YES;
				GCC_C_LANGUAGE_STANDARD = gnu11;
				GCC_DYNAMIC_NO_PIC = NO;
				GCC_NO_COMMON_BLOCKS = YES;
				GCC_OPTIMIZATION_LEVEL = 0;
				GCC_PREPROCESSOR_DEFINITIONS = (
					"DEBUG=1",
					"$(inherited)",
				);
				GCC_WARN_64_TO_32_BIT_CONVERSION = YES;
				GCC_WARN_ABOUT_RETURN_TYPE = YES_ERROR;
				GCC_WARN_UNDECLARED_SELECTOR = YES;
				GCC_WARN_UNINITIALIZED_AUTOS = YES_AGGRESSIVE;
				GCC_WARN_UNUSED_FUNCTION = YES;
				GCC_WARN_UNUSED_VARIABLE = YES;
				IPHONEOS_DEPLOYMENT_TARGET = 14.5;
				MTL_ENABLE_DEBUG_INFO = INCLUDE_SOURCE;
				MTL_FAST_MATH = YES;
				ONLY_ACTIVE_ARCH = YES;
				SDKROOT = iphoneos;
				SWIFT_ACTIVE_COMPILATION_CONDITIONS = DEBUG;
				SWIFT_OPTIMIZATION_LEVEL = "-Onone";
			};
			name = Debug;
		};
		E3A31CCA277D416A00146AAD /* Release */ = {
			isa = XCBuildConfiguration;
			buildSettings = {
				ALWAYS_SEARCH_USER_PATHS = NO;
				CLANG_ANALYZER_NONNULL = YES;
				CLANG_ANALYZER_NUMBER_OBJECT_CONVERSION = YES_AGGRESSIVE;
				CLANG_CXX_LANGUAGE_STANDARD = "gnu++14";
				CLANG_CXX_LIBRARY = "libc++";
				CLANG_ENABLE_MODULES = YES;
				CLANG_ENABLE_OBJC_ARC = YES;
				CLANG_ENABLE_OBJC_WEAK = YES;
				CLANG_WARN_BLOCK_CAPTURE_AUTORELEASING = YES;
				CLANG_WARN_BOOL_CONVERSION = YES;
				CLANG_WARN_COMMA = YES;
				CLANG_WARN_CONSTANT_CONVERSION = YES;
				CLANG_WARN_DEPRECATED_OBJC_IMPLEMENTATIONS = YES;
				CLANG_WARN_DIRECT_OBJC_ISA_USAGE = YES_ERROR;
				CLANG_WARN_DOCUMENTATION_COMMENTS = YES;
				CLANG_WARN_EMPTY_BODY = YES;
				CLANG_WARN_ENUM_CONVERSION = YES;
				CLANG_WARN_INFINITE_RECURSION = YES;
				CLANG_WARN_INT_CONVERSION = YES;
				CLANG_WARN_NON_LITERAL_NULL_CONVERSION = YES;
				CLANG_WARN_OBJC_IMPLICIT_RETAIN_SELF = YES;
				CLANG_WARN_OBJC_LITERAL_CONVERSION = YES;
				CLANG_WARN_OBJC_ROOT_CLASS = YES_ERROR;
				CLANG_WARN_QUOTED_INCLUDE_IN_FRAMEWORK_HEADER = YES;
				CLANG_WARN_RANGE_LOOP_ANALYSIS = YES;
				CLANG_WARN_STRICT_PROTOTYPES = YES;
				CLANG_WARN_SUSPICIOUS_MOVE = YES;
				CLANG_WARN_UNGUARDED_AVAILABILITY = YES_AGGRESSIVE;
				CLANG_WARN_UNREACHABLE_CODE = YES;
				CLANG_WARN__DUPLICATE_METHOD_MATCH = YES;
				COPY_PHASE_STRIP = NO;
				DEBUG_INFORMATION_FORMAT = "dwarf-with-dsym";
				ENABLE_NS_ASSERTIONS = NO;
				ENABLE_STRICT_OBJC_MSGSEND = YES;
				GCC_C_LANGUAGE_STANDARD = gnu11;
				GCC_NO_COMMON_BLOCKS = YES;
				GCC_WARN_64_TO_32_BIT_CONVERSION = YES;
				GCC_WARN_ABOUT_RETURN_TYPE = YES_ERROR;
				GCC_WARN_UNDECLARED_SELECTOR = YES;
				GCC_WARN_UNINITIALIZED_AUTOS = YES_AGGRESSIVE;
				GCC_WARN_UNUSED_FUNCTION = YES;
				GCC_WARN_UNUSED_VARIABLE = YES;
				IPHONEOS_DEPLOYMENT_TARGET = 14.5;
				MTL_ENABLE_DEBUG_INFO = NO;
				MTL_FAST_MATH = YES;
				SDKROOT = iphoneos;
				SWIFT_COMPILATION_MODE = wholemodule;
				SWIFT_OPTIMIZATION_LEVEL = "-O";
				VALIDATE_PRODUCT = YES;
			};
			name = Release;
		};
		E3A31CCC277D416A00146AAD /* Debug */ = {
			isa = XCBuildConfiguration;
			buildSettings = {
				ASSETCATALOG_COMPILER_APPICON_NAME = AppIcon;
				ASSETCATALOG_COMPILER_GLOBAL_ACCENT_COLOR_NAME = AccentColor;
				CODE_SIGN_STYLE = Automatic;
				DEVELOPMENT_TEAM = VZLQ4CCG9D;
				INFOPLIST_FILE = "iOS Exercise/Info.plist";
				LD_RUNPATH_SEARCH_PATHS = (
					"$(inherited)",
					"@executable_path/Frameworks",
				);
				PRODUCT_BUNDLE_IDENTIFIER = "com.allenlin.iOS-Exercise";
				PRODUCT_NAME = "$(TARGET_NAME)";
				SWIFT_VERSION = 5.0;
				TARGETED_DEVICE_FAMILY = "1,2";
			};
			name = Debug;
		};
		E3A31CCD277D416A00146AAD /* Release */ = {
			isa = XCBuildConfiguration;
			buildSettings = {
				ASSETCATALOG_COMPILER_APPICON_NAME = AppIcon;
				ASSETCATALOG_COMPILER_GLOBAL_ACCENT_COLOR_NAME = AccentColor;
				CODE_SIGN_STYLE = Automatic;
				DEVELOPMENT_TEAM = VZLQ4CCG9D;
				INFOPLIST_FILE = "iOS Exercise/Info.plist";
				LD_RUNPATH_SEARCH_PATHS = (
					"$(inherited)",
					"@executable_path/Frameworks",
				);
				PRODUCT_BUNDLE_IDENTIFIER = "com.allenlin.iOS-Exercise";
				PRODUCT_NAME = "$(TARGET_NAME)";
				SWIFT_VERSION = 5.0;
				TARGETED_DEVICE_FAMILY = "1,2";
			};
			name = Release;
		};
/* End XCBuildConfiguration section */

/* Begin XCConfigurationList section */
		E3A31CB2277D416900146AAD /* Build configuration list for PBXProject "iOS Exercise" */ = {
			isa = XCConfigurationList;
			buildConfigurations = (
				E3A31CC9277D416A00146AAD /* Debug */,
				E3A31CCA277D416A00146AAD /* Release */,
			);
			defaultConfigurationIsVisible = 0;
			defaultConfigurationName = Release;
		};
		E3A31CCB277D416A00146AAD /* Build configuration list for PBXNativeTarget "iOS Exercise" */ = {
			isa = XCConfigurationList;
			buildConfigurations = (
				E3A31CCC277D416A00146AAD /* Debug */,
				E3A31CCD277D416A00146AAD /* Release */,
			);
			defaultConfigurationIsVisible = 0;
			defaultConfigurationName = Release;
		};
/* End XCConfigurationList section */
	};
	rootObject = E3A31CAF277D416900146AAD /* Project object */;
}
